PODS:
  - Flutter (1.0.0)
  - integration_test (0.0.1):
    - Flutter
  - REES46 (3.6.7)
  - rees46_plugin (0.0.1):
    - Flutter
    - REES46

DEPENDENCIES:
  - Flutter (from `Flutter`)
  - integration_test (from `.symlinks/plugins/integration_test/ios`)
  - rees46_plugin (from `.symlinks/plugins/rees46_plugin/ios`)

SPEC REPOS:
  trunk:
    - REES46

EXTERNAL SOURCES:
  Flutter:
    :path: Flutter
  integration_test:
    :path: ".symlinks/plugins/integration_test/ios"
  rees46_plugin:
    :path: ".symlinks/plugins/rees46_plugin/ios"

SPEC CHECKSUMS:
  Flutter: f04841e97a9d0b0a8025694d0796dd46242b2854
  integration_test: 13825b8a9334a850581300559b8839134b124670
  REES46: 5d9c23051ba11ffe78c26e6f9132ad47941b2f17
  rees46_plugin: 7c99367650bea95892a6f4dab4dcaea2317a53b6

PODFILE CHECKSUM: 7be2f5f74864d463a8ad433546ed1de7e0f29aef

COCOAPODS: 1.15.2
