PODS:
  - Flutter (1.0.0)
  - integration_test (0.0.1):
    - Flutter
  - REES46 (1.8.2)
  - rees46_plugin (1.0.1):
    - Flutter
    - REES46 (~> 1.0)

DEPENDENCIES:
  - Flutter (from `Flutter`)
  - integration_test (from `.symlinks/plugins/integration_test/ios`)
  - rees46_plugin (from `.symlinks/plugins/rees46_plugin/ios`)

SPEC REPOS:
  trunk:
    - REES46

EXTERNAL SOURCES:
  Flutter:
    :path: Flutter
  integration_test:
    :path: ".symlinks/plugins/integration_test/ios"
  rees46_plugin:
    :path: ".symlinks/plugins/rees46_plugin/ios"

SPEC CHECKSUMS:
  Flutter: e0871f40cf51350855a761d2e70bf5af5b9b5de7
  integration_test: 252f60fa39af5e17c3aa9899d35d908a0721b573
  REES46: 9a20e6ca3cdfacb5c1e4c52703fcf4e341f4afac
  rees46_plugin: 560122ff882f7fe8859890ceb2fec93b0283551b

PODFILE CHECKSUM: 7be2f5f74864d463a8ad433546ed1de7e0f29aef

COCOAPODS: 1.15.2
